
Microsoft Visual Studio Solution File, Format Version 12.00
# Visual Studio 14
VisualStudioVersion = 14.0.24720.0
MinimumVisualStudioVersion = 10.0.40219.1
Project("{FAE04EC0-301F-11D3-BF4B-00C04F79EFBC}") = "EX_5", "EX_5\EX_5.csproj", "{459857C0-E4FF-4AD3-93A6-02CC1B13F009}"
EndProject
Global
	GlobalSection(SolutionConfigurationPlatforms) = preSolution
		Debug|Any CPU = Debug|Any CPU
		Release|Any CPU = Release|Any CPU
	EndGlobalSection
	GlobalSection(ProjectConfigurationPlatforms) = postSolution
		{459857C0-E4FF-4AD3-93A6-02CC1B13F009}.Debug|Any CPU.ActiveCfg = Debug|Any CPU
		{459857C0-E4FF-4AD3-93A6-02CC1B13F009}.Debug|Any CPU.Build.0 = Debug|Any CPU
		{459857C0-E4FF-4AD3-93A6-02CC1B13F009}.Release|Any CPU.ActiveCfg = Release|Any CPU
		{459857C0-E4FF-4AD3-93A6-02CC1B13F009}.Release|Any CPU.Build.0 = Release|Any CPU
	EndGlobalSection
	GlobalSection(SolutionProperties) = preSolution
		HideSolutionNode = FALSE
	EndGlobalSection
EndGlobal
