
Microsoft Visual Studio Solution File, Format Version 12.00
# Visual Studio 15
VisualStudioVersion = 15.0.27130.2010
MinimumVisualStudioVersion = 10.0.40219.1
Project("{FAE04EC0-301F-11D3-BF4B-00C04F79EFBC}") = "CadJogos1", "CadJogos1\CadJogos1.csproj", "{A948FBD5-E96E-4195-8ABE-FE323DAAC46E}"
EndProject
Project("{FAE04EC0-301F-11D3-BF4B-00C04F79EFBC}") = "Biblioteca", "Biblioteca\Biblioteca.csproj", "{09F840B6-5961-4BB1-9DDD-4610C47A3639}"
EndProject
Global
	GlobalSection(SolutionConfigurationPlatforms) = preSolution
		Debug|Any CPU = Debug|Any CPU
		Release|Any CPU = Release|Any CPU
	EndGlobalSection
	GlobalSection(ProjectConfigurationPlatforms) = postSolution
		{A948FBD5-E96E-4195-8ABE-FE323DAAC46E}.Debug|Any CPU.ActiveCfg = Debug|Any CPU
		{A948FBD5-E96E-4195-8ABE-FE323DAAC46E}.Debug|Any CPU.Build.0 = Debug|Any CPU
		{A948FBD5-E96E-4195-8ABE-FE323DAAC46E}.Release|Any CPU.ActiveCfg = Release|Any CPU
		{A948FBD5-E96E-4195-8ABE-FE323DAAC46E}.Release|Any CPU.Build.0 = Release|Any CPU
		{09F840B6-5961-4BB1-9DDD-4610C47A3639}.Debug|Any CPU.ActiveCfg = Debug|Any CPU
		{09F840B6-5961-4BB1-9DDD-4610C47A3639}.Debug|Any CPU.Build.0 = Debug|Any CPU
		{09F840B6-5961-4BB1-9DDD-4610C47A3639}.Release|Any CPU.ActiveCfg = Release|Any CPU
		{09F840B6-5961-4BB1-9DDD-4610C47A3639}.Release|Any CPU.Build.0 = Release|Any CPU
	EndGlobalSection
	GlobalSection(SolutionProperties) = preSolution
		HideSolutionNode = FALSE
	EndGlobalSection
	GlobalSection(ExtensibilityGlobals) = postSolution
		SolutionGuid = {EBC39EC5-4747-4800-8FBC-C23899357711}
	EndGlobalSection
EndGlobal
