
Microsoft Visual Studio Solution File, Format Version 12.00
# Visual Studio 15
VisualStudioVersion = 15.0.27130.2036
MinimumVisualStudioVersion = 10.0.40219.1
Project("{FAE04EC0-301F-11D3-BF4B-00C04F79EFBC}") = "CadAlunosDB_1", "CadAlunosDB_1\CadAlunosDB_1.csproj", "{DD357917-71B4-49B7-B7F1-15EAD2692598}"
EndProject
Project("{FAE04EC0-301F-11D3-BF4B-00C04F79EFBC}") = "Biblioteca", "Biblioteca\Biblioteca.csproj", "{D41C86F3-67BF-4759-9D36-4F95C425EFD4}"
EndProject
Global
	GlobalSection(SolutionConfigurationPlatforms) = preSolution
		Debug|Any CPU = Debug|Any CPU
		Release|Any CPU = Release|Any CPU
	EndGlobalSection
	GlobalSection(ProjectConfigurationPlatforms) = postSolution
		{DD357917-71B4-49B7-B7F1-15EAD2692598}.Debug|Any CPU.ActiveCfg = Debug|Any CPU
		{DD357917-71B4-49B7-B7F1-15EAD2692598}.Debug|Any CPU.Build.0 = Debug|Any CPU
		{DD357917-71B4-49B7-B7F1-15EAD2692598}.Release|Any CPU.ActiveCfg = Release|Any CPU
		{DD357917-71B4-49B7-B7F1-15EAD2692598}.Release|Any CPU.Build.0 = Release|Any CPU
		{D41C86F3-67BF-4759-9D36-4F95C425EFD4}.Debug|Any CPU.ActiveCfg = Debug|Any CPU
		{D41C86F3-67BF-4759-9D36-4F95C425EFD4}.Debug|Any CPU.Build.0 = Debug|Any CPU
		{D41C86F3-67BF-4759-9D36-4F95C425EFD4}.Release|Any CPU.ActiveCfg = Release|Any CPU
		{D41C86F3-67BF-4759-9D36-4F95C425EFD4}.Release|Any CPU.Build.0 = Release|Any CPU
	EndGlobalSection
	GlobalSection(SolutionProperties) = preSolution
		HideSolutionNode = FALSE
	EndGlobalSection
	GlobalSection(ExtensibilityGlobals) = postSolution
		SolutionGuid = {11D4C922-E5AA-452E-8F33-3D9869B832C1}
	EndGlobalSection
EndGlobal
