
Microsoft Visual Studio Solution File, Format Version 12.00
# Visual Studio 14
VisualStudioVersion = 14.0.25420.1
MinimumVisualStudioVersion = 10.0.40219.1
Project("{FAE04EC0-301F-11D3-BF4B-00C04F79EFBC}") = "001_Classes_e_Objetos", "001_Classes_e_Objetos\001_Classes_e_Objetos.csproj", "{A9802174-C197-46F9-933A-8DE7D7FCEED2}"
EndProject
Global
	GlobalSection(SolutionConfigurationPlatforms) = preSolution
		Debug|Any CPU = Debug|Any CPU
		Release|Any CPU = Release|Any CPU
	EndGlobalSection
	GlobalSection(ProjectConfigurationPlatforms) = postSolution
		{A9802174-C197-46F9-933A-8DE7D7FCEED2}.Debug|Any CPU.ActiveCfg = Debug|Any CPU
		{A9802174-C197-46F9-933A-8DE7D7FCEED2}.Debug|Any CPU.Build.0 = Debug|Any CPU
		{A9802174-C197-46F9-933A-8DE7D7FCEED2}.Release|Any CPU.ActiveCfg = Release|Any CPU
		{A9802174-C197-46F9-933A-8DE7D7FCEED2}.Release|Any CPU.Build.0 = Release|Any CPU
	EndGlobalSection
	GlobalSection(SolutionProperties) = preSolution
		HideSolutionNode = FALSE
	EndGlobalSection
EndGlobal
