
Microsoft Visual Studio Solution File, Format Version 12.00
# Visual Studio 2012
Project("{FAE04EC0-301F-11D3-BF4B-00C04F79EFBC}") = "EX_8", "EX_8\EX_8.csproj", "{590BDBDE-5D93-48B2-996F-F8E675DBF8D4}"
EndProject
Global
	GlobalSection(SolutionConfigurationPlatforms) = preSolution
		Debug|Any CPU = Debug|Any CPU
		Release|Any CPU = Release|Any CPU
	EndGlobalSection
	GlobalSection(ProjectConfigurationPlatforms) = postSolution
		{590BDBDE-5D93-48B2-996F-F8E675DBF8D4}.Debug|Any CPU.ActiveCfg = Debug|Any CPU
		{590BDBDE-5D93-48B2-996F-F8E675DBF8D4}.Debug|Any CPU.Build.0 = Debug|Any CPU
		{590BDBDE-5D93-48B2-996F-F8E675DBF8D4}.Release|Any CPU.ActiveCfg = Release|Any CPU
		{590BDBDE-5D93-48B2-996F-F8E675DBF8D4}.Release|Any CPU.Build.0 = Release|Any CPU
	EndGlobalSection
	GlobalSection(SolutionProperties) = preSolution
		HideSolutionNode = FALSE
	EndGlobalSection
EndGlobal
