
Microsoft Visual Studio Solution File, Format Version 12.00
# Visual Studio 14
VisualStudioVersion = 14.0.25420.1
MinimumVisualStudioVersion = 10.0.40219.1
Project("{FAE04EC0-301F-11D3-BF4B-00C04F79EFBC}") = "Exemplo_Ponteiro", "Exemplo_Ponteiro\Exemplo_Ponteiro.csproj", "{0B2D5679-3EA3-4E50-A3DF-F6B58434AAEA}"
EndProject
Global
	GlobalSection(SolutionConfigurationPlatforms) = preSolution
		Debug|Any CPU = Debug|Any CPU
		Release|Any CPU = Release|Any CPU
	EndGlobalSection
	GlobalSection(ProjectConfigurationPlatforms) = postSolution
		{0B2D5679-3EA3-4E50-A3DF-F6B58434AAEA}.Debug|Any CPU.ActiveCfg = Debug|Any CPU
		{0B2D5679-3EA3-4E50-A3DF-F6B58434AAEA}.Debug|Any CPU.Build.0 = Debug|Any CPU
		{0B2D5679-3EA3-4E50-A3DF-F6B58434AAEA}.Release|Any CPU.ActiveCfg = Release|Any CPU
		{0B2D5679-3EA3-4E50-A3DF-F6B58434AAEA}.Release|Any CPU.Build.0 = Release|Any CPU
	EndGlobalSection
	GlobalSection(SolutionProperties) = preSolution
		HideSolutionNode = FALSE
	EndGlobalSection
EndGlobal
