
Microsoft Visual Studio Solution File, Format Version 10.00
# Visual Studio 2008
Project("{FAE04EC0-301F-11D3-BF4B-00C04F79EFBC}") = "Jogo_da_Velha", "Jogo_da_Velha\Jogo_da_Velha.csproj", "{CC15D12E-4DEF-49E5-BE01-9D17435CEFFA}"
EndProject
Global
	GlobalSection(SolutionConfigurationPlatforms) = preSolution
		Debug|Any CPU = Debug|Any CPU
		Release|Any CPU = Release|Any CPU
	EndGlobalSection
	GlobalSection(ProjectConfigurationPlatforms) = postSolution
		{CC15D12E-4DEF-49E5-BE01-9D17435CEFFA}.Debug|Any CPU.ActiveCfg = Debug|Any CPU
		{CC15D12E-4DEF-49E5-BE01-9D17435CEFFA}.Debug|Any CPU.Build.0 = Debug|Any CPU
		{CC15D12E-4DEF-49E5-BE01-9D17435CEFFA}.Release|Any CPU.ActiveCfg = Release|Any CPU
		{CC15D12E-4DEF-49E5-BE01-9D17435CEFFA}.Release|Any CPU.Build.0 = Release|Any CPU
	EndGlobalSection
	GlobalSection(SolutionProperties) = preSolution
		HideSolutionNode = FALSE
	EndGlobalSection
EndGlobal
