
Microsoft Visual Studio Solution File, Format Version 12.00
# Visual Studio 14
VisualStudioVersion = 14.0.25420.1
MinimumVisualStudioVersion = 10.0.40219.1
Project("{FAE04EC0-301F-11D3-BF4B-00C04F79EFBC}") = "EX_62", "EX_62.csproj", "{E2EA5A3F-8901-40D9-A8E5-CB93AB5011E9}"
EndProject
Project("{FAE04EC0-301F-11D3-BF4B-00C04F79EFBC}") = "DesafioSequencia", "..\..\DesafioSequencia\DesafioSequencia.csproj", "{EA4C1295-46E7-4B35-8B5F-110B2B4E6609}"
EndProject
Global
	GlobalSection(SolutionConfigurationPlatforms) = preSolution
		Debug|Any CPU = Debug|Any CPU
		Release|Any CPU = Release|Any CPU
	EndGlobalSection
	GlobalSection(ProjectConfigurationPlatforms) = postSolution
		{E2EA5A3F-8901-40D9-A8E5-CB93AB5011E9}.Debug|Any CPU.ActiveCfg = Debug|Any CPU
		{E2EA5A3F-8901-40D9-A8E5-CB93AB5011E9}.Debug|Any CPU.Build.0 = Debug|Any CPU
		{E2EA5A3F-8901-40D9-A8E5-CB93AB5011E9}.Release|Any CPU.ActiveCfg = Release|Any CPU
		{E2EA5A3F-8901-40D9-A8E5-CB93AB5011E9}.Release|Any CPU.Build.0 = Release|Any CPU
		{EA4C1295-46E7-4B35-8B5F-110B2B4E6609}.Debug|Any CPU.ActiveCfg = Debug|Any CPU
		{EA4C1295-46E7-4B35-8B5F-110B2B4E6609}.Debug|Any CPU.Build.0 = Debug|Any CPU
		{EA4C1295-46E7-4B35-8B5F-110B2B4E6609}.Release|Any CPU.ActiveCfg = Release|Any CPU
		{EA4C1295-46E7-4B35-8B5F-110B2B4E6609}.Release|Any CPU.Build.0 = Release|Any CPU
	EndGlobalSection
	GlobalSection(SolutionProperties) = preSolution
		HideSolutionNode = FALSE
	EndGlobalSection
EndGlobal
