
Microsoft Visual Studio Solution File, Format Version 12.00
# Visual Studio 15
VisualStudioVersion = 15.0.27130.2036
MinimumVisualStudioVersion = 10.0.40219.1
Project("{FAE04EC0-301F-11D3-BF4B-00C04F79EFBC}") = "Exercicio", "Exercicio\Exercicio.csproj", "{7BAF397B-E273-4520-94DE-5612DD243145}"
EndProject
Global
	GlobalSection(SolutionConfigurationPlatforms) = preSolution
		Debug|Any CPU = Debug|Any CPU
		Release|Any CPU = Release|Any CPU
	EndGlobalSection
	GlobalSection(ProjectConfigurationPlatforms) = postSolution
		{7BAF397B-E273-4520-94DE-5612DD243145}.Debug|Any CPU.ActiveCfg = Debug|Any CPU
		{7BAF397B-E273-4520-94DE-5612DD243145}.Debug|Any CPU.Build.0 = Debug|Any CPU
		{7BAF397B-E273-4520-94DE-5612DD243145}.Release|Any CPU.ActiveCfg = Release|Any CPU
		{7BAF397B-E273-4520-94DE-5612DD243145}.Release|Any CPU.Build.0 = Release|Any CPU
	EndGlobalSection
	GlobalSection(SolutionProperties) = preSolution
		HideSolutionNode = FALSE
	EndGlobalSection
	GlobalSection(ExtensibilityGlobals) = postSolution
		SolutionGuid = {1A8478D2-578C-4384-BEAD-CF7E6B0691B6}
	EndGlobalSection
EndGlobal
