
Microsoft Visual Studio Solution File, Format Version 12.00
# Visual Studio 2013
VisualStudioVersion = 12.0.21005.1
MinimumVisualStudioVersion = 10.0.40219.1
Project("{FAE04EC0-301F-11D3-BF4B-00C04F79EFBC}") = "TresMetodos", "TresMetodos\TresMetodos.csproj", "{564E98B9-0D17-45A8-A588-7C73A6634BD9}"
EndProject
Global
	GlobalSection(SolutionConfigurationPlatforms) = preSolution
		Debug|Any CPU = Debug|Any CPU
		Release|Any CPU = Release|Any CPU
	EndGlobalSection
	GlobalSection(ProjectConfigurationPlatforms) = postSolution
		{564E98B9-0D17-45A8-A588-7C73A6634BD9}.Debug|Any CPU.ActiveCfg = Debug|Any CPU
		{564E98B9-0D17-45A8-A588-7C73A6634BD9}.Debug|Any CPU.Build.0 = Debug|Any CPU
		{564E98B9-0D17-45A8-A588-7C73A6634BD9}.Release|Any CPU.ActiveCfg = Release|Any CPU
		{564E98B9-0D17-45A8-A588-7C73A6634BD9}.Release|Any CPU.Build.0 = Release|Any CPU
	EndGlobalSection
	GlobalSection(SolutionProperties) = preSolution
		HideSolutionNode = FALSE
	EndGlobalSection
EndGlobal
