
Microsoft Visual Studio Solution File, Format Version 10.00
# Visual C# Express 2008
Project("{FAE04EC0-301F-11D3-BF4B-00C04F79EFBC}") = "Jogo da Velha1", "Jogo da Velha1\Jogo da Velha1.csproj", "{5F11DDC2-0A04-4EC1-91E3-55E77921D553}"
EndProject
Global
	GlobalSection(SolutionConfigurationPlatforms) = preSolution
		Debug|Any CPU = Debug|Any CPU
		Release|Any CPU = Release|Any CPU
	EndGlobalSection
	GlobalSection(ProjectConfigurationPlatforms) = postSolution
		{5F11DDC2-0A04-4EC1-91E3-55E77921D553}.Debug|Any CPU.ActiveCfg = Debug|Any CPU
		{5F11DDC2-0A04-4EC1-91E3-55E77921D553}.Debug|Any CPU.Build.0 = Debug|Any CPU
		{5F11DDC2-0A04-4EC1-91E3-55E77921D553}.Release|Any CPU.ActiveCfg = Release|Any CPU
		{5F11DDC2-0A04-4EC1-91E3-55E77921D553}.Release|Any CPU.Build.0 = Release|Any CPU
	EndGlobalSection
	GlobalSection(SolutionProperties) = preSolution
		HideSolutionNode = FALSE
	EndGlobalSection
EndGlobal
