
Microsoft Visual Studio Solution File, Format Version 12.00
# Visual Studio 2012
Project("{FAE04EC0-301F-11D3-BF4B-00C04F79EFBC}") = "CustomExceptions", "CustomExceptions\CustomExceptions.csproj", "{C939127E-E2A4-4217-B62B-3279730F962D}"
EndProject
Global
	GlobalSection(SolutionConfigurationPlatforms) = preSolution
		Debug|Any CPU = Debug|Any CPU
		Release|Any CPU = Release|Any CPU
	EndGlobalSection
	GlobalSection(ProjectConfigurationPlatforms) = postSolution
		{C939127E-E2A4-4217-B62B-3279730F962D}.Debug|Any CPU.ActiveCfg = Debug|Any CPU
		{C939127E-E2A4-4217-B62B-3279730F962D}.Debug|Any CPU.Build.0 = Debug|Any CPU
		{C939127E-E2A4-4217-B62B-3279730F962D}.Release|Any CPU.ActiveCfg = Release|Any CPU
		{C939127E-E2A4-4217-B62B-3279730F962D}.Release|Any CPU.Build.0 = Release|Any CPU
	EndGlobalSection
	GlobalSection(SolutionProperties) = preSolution
		HideSolutionNode = FALSE
	EndGlobalSection
EndGlobal
