
Microsoft Visual Studio Solution File, Format Version 12.00
# Visual Studio 14
VisualStudioVersion = 14.0.25420.1
MinimumVisualStudioVersion = 10.0.40219.1
Project("{FAE04EC0-301F-11D3-BF4B-00C04F79EFBC}") = "Ex. 57", "Ex. 57\Ex. 57.csproj", "{F4C50B0B-359F-4113-B40B-A59582E5FBDE}"
EndProject
Global
	GlobalSection(SolutionConfigurationPlatforms) = preSolution
		Debug|Any CPU = Debug|Any CPU
		Release|Any CPU = Release|Any CPU
	EndGlobalSection
	GlobalSection(ProjectConfigurationPlatforms) = postSolution
		{F4C50B0B-359F-4113-B40B-A59582E5FBDE}.Debug|Any CPU.ActiveCfg = Debug|Any CPU
		{F4C50B0B-359F-4113-B40B-A59582E5FBDE}.Debug|Any CPU.Build.0 = Debug|Any CPU
		{F4C50B0B-359F-4113-B40B-A59582E5FBDE}.Release|Any CPU.ActiveCfg = Release|Any CPU
		{F4C50B0B-359F-4113-B40B-A59582E5FBDE}.Release|Any CPU.Build.0 = Release|Any CPU
	EndGlobalSection
	GlobalSection(SolutionProperties) = preSolution
		HideSolutionNode = FALSE
	EndGlobalSection
EndGlobal
