
Microsoft Visual Studio Solution File, Format Version 12.00
# Visual Studio 14
VisualStudioVersion = 14.0.24720.0
MinimumVisualStudioVersion = 10.0.40219.1
Project("{FAE04EC0-301F-11D3-BF4B-00C04F79EFBC}") = "EX_4.3_WF", "EX_4.3_WF\EX_4.3_WF.csproj", "{33CC15BB-1378-462C-BB61-F7207CDD8C69}"
EndProject
Global
	GlobalSection(SolutionConfigurationPlatforms) = preSolution
		Debug|Any CPU = Debug|Any CPU
		Release|Any CPU = Release|Any CPU
	EndGlobalSection
	GlobalSection(ProjectConfigurationPlatforms) = postSolution
		{33CC15BB-1378-462C-BB61-F7207CDD8C69}.Debug|Any CPU.ActiveCfg = Debug|Any CPU
		{33CC15BB-1378-462C-BB61-F7207CDD8C69}.Debug|Any CPU.Build.0 = Debug|Any CPU
		{33CC15BB-1378-462C-BB61-F7207CDD8C69}.Release|Any CPU.ActiveCfg = Release|Any CPU
		{33CC15BB-1378-462C-BB61-F7207CDD8C69}.Release|Any CPU.Build.0 = Release|Any CPU
	EndGlobalSection
	GlobalSection(SolutionProperties) = preSolution
		HideSolutionNode = FALSE
	EndGlobalSection
EndGlobal
