
Microsoft Visual Studio Solution File, Format Version 12.00
# Visual Studio 2012
Project("{FAE04EC0-301F-11D3-BF4B-00C04F79EFBC}") = "EX_12POO", "EX_12POO\EX_12POO.csproj", "{80600BC5-EFF9-4B01-9C3C-C4284077EF6D}"
EndProject
Global
	GlobalSection(SolutionConfigurationPlatforms) = preSolution
		Debug|Any CPU = Debug|Any CPU
		Release|Any CPU = Release|Any CPU
	EndGlobalSection
	GlobalSection(ProjectConfigurationPlatforms) = postSolution
		{80600BC5-EFF9-4B01-9C3C-C4284077EF6D}.Debug|Any CPU.ActiveCfg = Debug|Any CPU
		{80600BC5-EFF9-4B01-9C3C-C4284077EF6D}.Debug|Any CPU.Build.0 = Debug|Any CPU
		{80600BC5-EFF9-4B01-9C3C-C4284077EF6D}.Release|Any CPU.ActiveCfg = Release|Any CPU
		{80600BC5-EFF9-4B01-9C3C-C4284077EF6D}.Release|Any CPU.Build.0 = Release|Any CPU
	EndGlobalSection
	GlobalSection(SolutionProperties) = preSolution
		HideSolutionNode = FALSE
	EndGlobalSection
EndGlobal
