
Microsoft Visual Studio Solution File, Format Version 12.00
# Visual Studio 15
VisualStudioVersion = 15.0.26430.6
MinimumVisualStudioVersion = 10.0.40219.1
Project("{FAE04EC0-301F-11D3-BF4B-00C04F79EFBC}") = "Ex2", "Ex2\Ex2.csproj", "{853CBE2F-6F5E-40BB-93C4-3EEEFA178F4C}"
EndProject
Project("{FAE04EC0-301F-11D3-BF4B-00C04F79EFBC}") = "Classes", "Classes\Classes.csproj", "{69C8BF65-A0E0-48FE-B6A6-7F97A5D44EE8}"
EndProject
Global
	GlobalSection(SolutionConfigurationPlatforms) = preSolution
		Debug|Any CPU = Debug|Any CPU
		Release|Any CPU = Release|Any CPU
	EndGlobalSection
	GlobalSection(ProjectConfigurationPlatforms) = postSolution
		{853CBE2F-6F5E-40BB-93C4-3EEEFA178F4C}.Debug|Any CPU.ActiveCfg = Debug|Any CPU
		{853CBE2F-6F5E-40BB-93C4-3EEEFA178F4C}.Debug|Any CPU.Build.0 = Debug|Any CPU
		{853CBE2F-6F5E-40BB-93C4-3EEEFA178F4C}.Release|Any CPU.ActiveCfg = Release|Any CPU
		{853CBE2F-6F5E-40BB-93C4-3EEEFA178F4C}.Release|Any CPU.Build.0 = Release|Any CPU
		{69C8BF65-A0E0-48FE-B6A6-7F97A5D44EE8}.Debug|Any CPU.ActiveCfg = Debug|Any CPU
		{69C8BF65-A0E0-48FE-B6A6-7F97A5D44EE8}.Debug|Any CPU.Build.0 = Debug|Any CPU
		{69C8BF65-A0E0-48FE-B6A6-7F97A5D44EE8}.Release|Any CPU.ActiveCfg = Release|Any CPU
		{69C8BF65-A0E0-48FE-B6A6-7F97A5D44EE8}.Release|Any CPU.Build.0 = Release|Any CPU
	EndGlobalSection
	GlobalSection(SolutionProperties) = preSolution
		HideSolutionNode = FALSE
	EndGlobalSection
EndGlobal
